
Microsoft Visual Studio Solution File, Format Version 12.00
# Visual Studio 15
VisualStudioVersion = 15.0.28010.2016
MinimumVisualStudioVersion = 10.0.40219.1
Project("{FAE04EC0-301F-11D3-BF4B-00C04F79EFBC}") = "cis237-assignment1", "cis237-assignment1\cis237-assignment1.csproj", "{AFF42F05-753B-4AA7-B942-8BC918B94A71}"
EndProject
Global
	GlobalSection(SolutionConfigurationPlatforms) = preSolution
		Debug|Any CPU = Debug|Any CPU
		Release|Any CPU = Release|Any CPU
	EndGlobalSection
	GlobalSection(ProjectConfigurationPlatforms) = postSolution
		{AFF42F05-753B-4AA7-B942-8BC918B94A71}.Debug|Any CPU.ActiveCfg = Debug|Any CPU
		{AFF42F05-753B-4AA7-B942-8BC918B94A71}.Debug|Any CPU.Build.0 = Debug|Any CPU
		{AFF42F05-753B-4AA7-B942-8BC918B94A71}.Release|Any CPU.ActiveCfg = Release|Any CPU
		{AFF42F05-753B-4AA7-B942-8BC918B94A71}.Release|Any CPU.Build.0 = Release|Any CPU
	EndGlobalSection
	GlobalSection(SolutionProperties) = preSolution
		HideSolutionNode = FALSE
	EndGlobalSection
	GlobalSection(ExtensibilityGlobals) = postSolution
		SolutionGuid = {588BCAE1-F5CF-42B7-879E-7048E4AABB2F}
	EndGlobalSection
EndGlobal
